
Microsoft Visual Studio Solution File, Format Version 12.00
# Visual Studio 2013
VisualStudioVersion = 12.0.31101.0
MinimumVisualStudioVersion = 10.0.40219.1
Project("{FAE04EC0-301F-11D3-BF4B-00C04F79EFBC}") = "Lbc", "Lbc\Lbc\Lbc.csproj", "{74CE4FE4-78FF-451A-9170-498FFB44682E}"
EndProject
Project("{FAE04EC0-301F-11D3-BF4B-00C04F79EFBC}") = "Lbc.iOS", "Lbc\Lbc.iOS\Lbc.iOS.csproj", "{A10E6C3A-9F32-4A62-BEDD-DC77901F46C3}"
EndProject
Project("{FAE04EC0-301F-11D3-BF4B-00C04F79EFBC}") = "Lbc.Droid", "Lbc\Lbc.Droid\Lbc.Droid.csproj", "{34521FD9-5D16-49BC-BE6A-0DE67ED61C1D}"
EndProject
Project("{FAE04EC0-301F-11D3-BF4B-00C04F79EFBC}") = "Lbc.WinPhone", "Lbc\Lbc.WinPhone\Lbc.WinPhone.csproj", "{6BF2833F-DEEE-4D49-B797-6FB5AE2EA3E3}"
EndProject
Project("{2150E333-8FDC-42A3-9474-1A3956D46DE8}") = ".nuget", ".nuget", "{EB05087F-5DB1-49D3-A98B-D1CDB8DB7556}"
	ProjectSection(SolutionItems) = preProject
		.nuget\NuGet.Config = .nuget\NuGet.Config
		.nuget\NuGet.exe = .nuget\NuGet.exe
		.nuget\NuGet.targets = .nuget\NuGet.targets
	EndProjectSection
EndProject
Project("{FAE04EC0-301F-11D3-BF4B-00C04F79EFBC}") = "Lbc.WebApi", "Lbc.WebApi\Lbc.WebApi.csproj", "{9872D395-F1E8-4F49-8C5E-435A82F0C5E4}"
EndProject
Project("{FAE04EC0-301F-11D3-BF4B-00C04F79EFBC}") = "ApiTest", "ApiTest\ApiTest.csproj", "{6D5BD908-0D47-4EAD-A370-27C7E4BB573F}"
EndProject
Global
	GlobalSection(SolutionConfigurationPlatforms) = preSolution
		Ad-Hoc|Any CPU = Ad-Hoc|Any CPU
		Ad-Hoc|ARM = Ad-Hoc|ARM
		Ad-Hoc|iPhone = Ad-Hoc|iPhone
		Ad-Hoc|iPhoneSimulator = Ad-Hoc|iPhoneSimulator
		Ad-Hoc|Mixed Platforms = Ad-Hoc|Mixed Platforms
		Ad-Hoc|x86 = Ad-Hoc|x86
		AppStore|Any CPU = AppStore|Any CPU
		AppStore|ARM = AppStore|ARM
		AppStore|iPhone = AppStore|iPhone
		AppStore|iPhoneSimulator = AppStore|iPhoneSimulator
		AppStore|Mixed Platforms = AppStore|Mixed Platforms
		AppStore|x86 = AppStore|x86
		Debug|Any CPU = Debug|Any CPU
		Debug|ARM = Debug|ARM
		Debug|iPhone = Debug|iPhone
		Debug|iPhoneSimulator = Debug|iPhoneSimulator
		Debug|Mixed Platforms = Debug|Mixed Platforms
		Debug|x86 = Debug|x86
		Release|Any CPU = Release|Any CPU
		Release|ARM = Release|ARM
		Release|iPhone = Release|iPhone
		Release|iPhoneSimulator = Release|iPhoneSimulator
		Release|Mixed Platforms = Release|Mixed Platforms
		Release|x86 = Release|x86
	EndGlobalSection
	GlobalSection(ProjectConfigurationPlatforms) = postSolution
		{74CE4FE4-78FF-451A-9170-498FFB44682E}.Ad-Hoc|Any CPU.ActiveCfg = Release|Any CPU
		{74CE4FE4-78FF-451A-9170-498FFB44682E}.Ad-Hoc|Any CPU.Build.0 = Release|Any CPU
		{74CE4FE4-78FF-451A-9170-498FFB44682E}.Ad-Hoc|ARM.ActiveCfg = Release|Any CPU
		{74CE4FE4-78FF-451A-9170-498FFB44682E}.Ad-Hoc|iPhone.ActiveCfg = Release|Any CPU
		{74CE4FE4-78FF-451A-9170-498FFB44682E}.Ad-Hoc|iPhoneSimulator.ActiveCfg = Release|Any CPU
		{74CE4FE4-78FF-451A-9170-498FFB44682E}.Ad-Hoc|Mixed Platforms.ActiveCfg = Release|Any CPU
		{74CE4FE4-78FF-451A-9170-498FFB44682E}.Ad-Hoc|Mixed Platforms.Build.0 = Release|Any CPU
		{74CE4FE4-78FF-451A-9170-498FFB44682E}.Ad-Hoc|x86.ActiveCfg = Release|Any CPU
		{74CE4FE4-78FF-451A-9170-498FFB44682E}.AppStore|Any CPU.ActiveCfg = Release|Any CPU
		{74CE4FE4-78FF-451A-9170-498FFB44682E}.AppStore|Any CPU.Build.0 = Release|Any CPU
		{74CE4FE4-78FF-451A-9170-498FFB44682E}.AppStore|ARM.ActiveCfg = Release|Any CPU
		{74CE4FE4-78FF-451A-9170-498FFB44682E}.AppStore|iPhone.ActiveCfg = Release|Any CPU
		{74CE4FE4-78FF-451A-9170-498FFB44682E}.AppStore|iPhoneSimulator.ActiveCfg = Release|Any CPU
		{74CE4FE4-78FF-451A-9170-498FFB44682E}.AppStore|Mixed Platforms.ActiveCfg = Release|Any CPU
		{74CE4FE4-78FF-451A-9170-498FFB44682E}.AppStore|Mixed Platforms.Build.0 = Release|Any CPU
		{74CE4FE4-78FF-451A-9170-498FFB44682E}.AppStore|x86.ActiveCfg = Release|Any CPU
		{74CE4FE4-78FF-451A-9170-498FFB44682E}.Debug|Any CPU.ActiveCfg = Debug|Any CPU
		{74CE4FE4-78FF-451A-9170-498FFB44682E}.Debug|Any CPU.Build.0 = Debug|Any CPU
		{74CE4FE4-78FF-451A-9170-498FFB44682E}.Debug|ARM.ActiveCfg = Debug|Any CPU
		{74CE4FE4-78FF-451A-9170-498FFB44682E}.Debug|iPhone.ActiveCfg = Debug|Any CPU
		{74CE4FE4-78FF-451A-9170-498FFB44682E}.Debug|iPhoneSimulator.ActiveCfg = Debug|Any CPU
		{74CE4FE4-78FF-451A-9170-498FFB44682E}.Debug|Mixed Platforms.ActiveCfg = Debug|Any CPU
		{74CE4FE4-78FF-451A-9170-498FFB44682E}.Debug|Mixed Platforms.Build.0 = Debug|Any CPU
		{74CE4FE4-78FF-451A-9170-498FFB44682E}.Debug|x86.ActiveCfg = Debug|Any CPU
		{74CE4FE4-78FF-451A-9170-498FFB44682E}.Release|Any CPU.ActiveCfg = Release|Any CPU
		{74CE4FE4-78FF-451A-9170-498FFB44682E}.Release|Any CPU.Build.0 = Release|Any CPU
		{74CE4FE4-78FF-451A-9170-498FFB44682E}.Release|ARM.ActiveCfg = Release|Any CPU
		{74CE4FE4-78FF-451A-9170-498FFB44682E}.Release|iPhone.ActiveCfg = Release|Any CPU
		{74CE4FE4-78FF-451A-9170-498FFB44682E}.Release|iPhoneSimulator.ActiveCfg = Release|Any CPU
		{74CE4FE4-78FF-451A-9170-498FFB44682E}.Release|Mixed Platforms.ActiveCfg = Release|Any CPU
		{74CE4FE4-78FF-451A-9170-498FFB44682E}.Release|Mixed Platforms.Build.0 = Release|Any CPU
		{74CE4FE4-78FF-451A-9170-498FFB44682E}.Release|x86.ActiveCfg = Release|Any CPU
		{A10E6C3A-9F32-4A62-BEDD-DC77901F46C3}.Ad-Hoc|Any CPU.ActiveCfg = Ad-Hoc|iPhone
		{A10E6C3A-9F32-4A62-BEDD-DC77901F46C3}.Ad-Hoc|ARM.ActiveCfg = Ad-Hoc|iPhone
		{A10E6C3A-9F32-4A62-BEDD-DC77901F46C3}.Ad-Hoc|iPhone.ActiveCfg = Ad-Hoc|iPhone
		{A10E6C3A-9F32-4A62-BEDD-DC77901F46C3}.Ad-Hoc|iPhone.Build.0 = Ad-Hoc|iPhone
		{A10E6C3A-9F32-4A62-BEDD-DC77901F46C3}.Ad-Hoc|iPhoneSimulator.ActiveCfg = Ad-Hoc|iPhoneSimulator
		{A10E6C3A-9F32-4A62-BEDD-DC77901F46C3}.Ad-Hoc|iPhoneSimulator.Build.0 = Ad-Hoc|iPhoneSimulator
		{A10E6C3A-9F32-4A62-BEDD-DC77901F46C3}.Ad-Hoc|Mixed Platforms.ActiveCfg = Ad-Hoc|iPhone
		{A10E6C3A-9F32-4A62-BEDD-DC77901F46C3}.Ad-Hoc|Mixed Platforms.Build.0 = Ad-Hoc|iPhone
		{A10E6C3A-9F32-4A62-BEDD-DC77901F46C3}.Ad-Hoc|x86.ActiveCfg = Ad-Hoc|iPhone
		{A10E6C3A-9F32-4A62-BEDD-DC77901F46C3}.AppStore|Any CPU.ActiveCfg = AppStore|iPhone
		{A10E6C3A-9F32-4A62-BEDD-DC77901F46C3}.AppStore|ARM.ActiveCfg = AppStore|iPhone
		{A10E6C3A-9F32-4A62-BEDD-DC77901F46C3}.AppStore|iPhone.ActiveCfg = AppStore|iPhone
		{A10E6C3A-9F32-4A62-BEDD-DC77901F46C3}.AppStore|iPhone.Build.0 = AppStore|iPhone
		{A10E6C3A-9F32-4A62-BEDD-DC77901F46C3}.AppStore|iPhoneSimulator.ActiveCfg = AppStore|iPhoneSimulator
		{A10E6C3A-9F32-4A62-BEDD-DC77901F46C3}.AppStore|iPhoneSimulator.Build.0 = AppStore|iPhoneSimulator
		{A10E6C3A-9F32-4A62-BEDD-DC77901F46C3}.AppStore|Mixed Platforms.ActiveCfg = AppStore|iPhone
		{A10E6C3A-9F32-4A62-BEDD-DC77901F46C3}.AppStore|Mixed Platforms.Build.0 = AppStore|iPhone
		{A10E6C3A-9F32-4A62-BEDD-DC77901F46C3}.AppStore|x86.ActiveCfg = AppStore|iPhone
		{A10E6C3A-9F32-4A62-BEDD-DC77901F46C3}.Debug|Any CPU.ActiveCfg = Debug|iPhone
		{A10E6C3A-9F32-4A62-BEDD-DC77901F46C3}.Debug|ARM.ActiveCfg = Debug|iPhone
		{A10E6C3A-9F32-4A62-BEDD-DC77901F46C3}.Debug|iPhone.ActiveCfg = Debug|iPhone
		{A10E6C3A-9F32-4A62-BEDD-DC77901F46C3}.Debug|iPhone.Build.0 = Debug|iPhone
		{A10E6C3A-9F32-4A62-BEDD-DC77901F46C3}.Debug|iPhoneSimulator.ActiveCfg = Debug|iPhoneSimulator
		{A10E6C3A-9F32-4A62-BEDD-DC77901F46C3}.Debug|iPhoneSimulator.Build.0 = Debug|iPhoneSimulator
		{A10E6C3A-9F32-4A62-BEDD-DC77901F46C3}.Debug|Mixed Platforms.ActiveCfg = Debug|iPhone
		{A10E6C3A-9F32-4A62-BEDD-DC77901F46C3}.Debug|Mixed Platforms.Build.0 = Debug|iPhone
		{A10E6C3A-9F32-4A62-BEDD-DC77901F46C3}.Debug|x86.ActiveCfg = Debug|iPhone
		{A10E6C3A-9F32-4A62-BEDD-DC77901F46C3}.Release|Any CPU.ActiveCfg = Release|iPhone
		{A10E6C3A-9F32-4A62-BEDD-DC77901F46C3}.Release|ARM.ActiveCfg = Release|iPhone
		{A10E6C3A-9F32-4A62-BEDD-DC77901F46C3}.Release|iPhone.ActiveCfg = Release|iPhone
		{A10E6C3A-9F32-4A62-BEDD-DC77901F46C3}.Release|iPhone.Build.0 = Release|iPhone
		{A10E6C3A-9F32-4A62-BEDD-DC77901F46C3}.Release|iPhoneSimulator.ActiveCfg = Release|iPhoneSimulator
		{A10E6C3A-9F32-4A62-BEDD-DC77901F46C3}.Release|iPhoneSimulator.Build.0 = Release|iPhoneSimulator
		{A10E6C3A-9F32-4A62-BEDD-DC77901F46C3}.Release|Mixed Platforms.ActiveCfg = Release|iPhone
		{A10E6C3A-9F32-4A62-BEDD-DC77901F46C3}.Release|Mixed Platforms.Build.0 = Release|iPhone
		{A10E6C3A-9F32-4A62-BEDD-DC77901F46C3}.Release|x86.ActiveCfg = Release|iPhone
		{34521FD9-5D16-49BC-BE6A-0DE67ED61C1D}.Ad-Hoc|Any CPU.ActiveCfg = Release|Any CPU
		{34521FD9-5D16-49BC-BE6A-0DE67ED61C1D}.Ad-Hoc|Any CPU.Build.0 = Release|Any CPU
		{34521FD9-5D16-49BC-BE6A-0DE67ED61C1D}.Ad-Hoc|Any CPU.Deploy.0 = Release|Any CPU
		{34521FD9-5D16-49BC-BE6A-0DE67ED61C1D}.Ad-Hoc|ARM.ActiveCfg = Release|Any CPU
		{34521FD9-5D16-49BC-BE6A-0DE67ED61C1D}.Ad-Hoc|iPhone.ActiveCfg = Release|Any CPU
		{34521FD9-5D16-49BC-BE6A-0DE67ED61C1D}.Ad-Hoc|iPhoneSimulator.ActiveCfg = Release|Any CPU
		{34521FD9-5D16-49BC-BE6A-0DE67ED61C1D}.Ad-Hoc|Mixed Platforms.ActiveCfg = Release|Any CPU
		{34521FD9-5D16-49BC-BE6A-0DE67ED61C1D}.Ad-Hoc|Mixed Platforms.Build.0 = Release|Any CPU
		{34521FD9-5D16-49BC-BE6A-0DE67ED61C1D}.Ad-Hoc|Mixed Platforms.Deploy.0 = Release|Any CPU
		{34521FD9-5D16-49BC-BE6A-0DE67ED61C1D}.Ad-Hoc|x86.ActiveCfg = Release|Any CPU
		{34521FD9-5D16-49BC-BE6A-0DE67ED61C1D}.AppStore|Any CPU.ActiveCfg = Release|Any CPU
		{34521FD9-5D16-49BC-BE6A-0DE67ED61C1D}.AppStore|Any CPU.Build.0 = Release|Any CPU
		{34521FD9-5D16-49BC-BE6A-0DE67ED61C1D}.AppStore|Any CPU.Deploy.0 = Release|Any CPU
		{34521FD9-5D16-49BC-BE6A-0DE67ED61C1D}.AppStore|ARM.ActiveCfg = Release|Any CPU
		{34521FD9-5D16-49BC-BE6A-0DE67ED61C1D}.AppStore|iPhone.ActiveCfg = Release|Any CPU
		{34521FD9-5D16-49BC-BE6A-0DE67ED61C1D}.AppStore|iPhoneSimulator.ActiveCfg = Release|Any CPU
		{34521FD9-5D16-49BC-BE6A-0DE67ED61C1D}.AppStore|Mixed Platforms.ActiveCfg = Release|Any CPU
		{34521FD9-5D16-49BC-BE6A-0DE67ED61C1D}.AppStore|Mixed Platforms.Build.0 = Release|Any CPU
		{34521FD9-5D16-49BC-BE6A-0DE67ED61C1D}.AppStore|Mixed Platforms.Deploy.0 = Release|Any CPU
		{34521FD9-5D16-49BC-BE6A-0DE67ED61C1D}.AppStore|x86.ActiveCfg = Release|Any CPU
		{34521FD9-5D16-49BC-BE6A-0DE67ED61C1D}.Debug|Any CPU.ActiveCfg = Debug|Any CPU
		{34521FD9-5D16-49BC-BE6A-0DE67ED61C1D}.Debug|Any CPU.Build.0 = Debug|Any CPU
		{34521FD9-5D16-49BC-BE6A-0DE67ED61C1D}.Debug|Any CPU.Deploy.0 = Debug|Any CPU
		{34521FD9-5D16-49BC-BE6A-0DE67ED61C1D}.Debug|ARM.ActiveCfg = Debug|Any CPU
		{34521FD9-5D16-49BC-BE6A-0DE67ED61C1D}.Debug|iPhone.ActiveCfg = Debug|Any CPU
		{34521FD9-5D16-49BC-BE6A-0DE67ED61C1D}.Debug|iPhoneSimulator.ActiveCfg = Debug|Any CPU
		{34521FD9-5D16-49BC-BE6A-0DE67ED61C1D}.Debug|Mixed Platforms.ActiveCfg = Debug|Any CPU
		{34521FD9-5D16-49BC-BE6A-0DE67ED61C1D}.Debug|Mixed Platforms.Build.0 = Debug|Any CPU
		{34521FD9-5D16-49BC-BE6A-0DE67ED61C1D}.Debug|Mixed Platforms.Deploy.0 = Debug|Any CPU
		{34521FD9-5D16-49BC-BE6A-0DE67ED61C1D}.Debug|x86.ActiveCfg = Debug|Any CPU
		{34521FD9-5D16-49BC-BE6A-0DE67ED61C1D}.Release|Any CPU.ActiveCfg = Release|Any CPU
		{34521FD9-5D16-49BC-BE6A-0DE67ED61C1D}.Release|Any CPU.Build.0 = Release|Any CPU
		{34521FD9-5D16-49BC-BE6A-0DE67ED61C1D}.Release|Any CPU.Deploy.0 = Release|Any CPU
		{34521FD9-5D16-49BC-BE6A-0DE67ED61C1D}.Release|ARM.ActiveCfg = Release|Any CPU
		{34521FD9-5D16-49BC-BE6A-0DE67ED61C1D}.Release|iPhone.ActiveCfg = Release|Any CPU
		{34521FD9-5D16-49BC-BE6A-0DE67ED61C1D}.Release|iPhoneSimulator.ActiveCfg = Release|Any CPU
		{34521FD9-5D16-49BC-BE6A-0DE67ED61C1D}.Release|Mixed Platforms.ActiveCfg = Release|Any CPU
		{34521FD9-5D16-49BC-BE6A-0DE67ED61C1D}.Release|Mixed Platforms.Build.0 = Release|Any CPU
		{34521FD9-5D16-49BC-BE6A-0DE67ED61C1D}.Release|Mixed Platforms.Deploy.0 = Release|Any CPU
		{34521FD9-5D16-49BC-BE6A-0DE67ED61C1D}.Release|x86.ActiveCfg = Release|Any CPU
		{6BF2833F-DEEE-4D49-B797-6FB5AE2EA3E3}.Ad-Hoc|Any CPU.ActiveCfg = Release|Any CPU
		{6BF2833F-DEEE-4D49-B797-6FB5AE2EA3E3}.Ad-Hoc|Any CPU.Build.0 = Release|Any CPU
		{6BF2833F-DEEE-4D49-B797-6FB5AE2EA3E3}.Ad-Hoc|Any CPU.Deploy.0 = Release|Any CPU
		{6BF2833F-DEEE-4D49-B797-6FB5AE2EA3E3}.Ad-Hoc|ARM.ActiveCfg = Release|ARM
		{6BF2833F-DEEE-4D49-B797-6FB5AE2EA3E3}.Ad-Hoc|ARM.Build.0 = Release|ARM
		{6BF2833F-DEEE-4D49-B797-6FB5AE2EA3E3}.Ad-Hoc|ARM.Deploy.0 = Release|ARM
		{6BF2833F-DEEE-4D49-B797-6FB5AE2EA3E3}.Ad-Hoc|iPhone.ActiveCfg = Release|Any CPU
		{6BF2833F-DEEE-4D49-B797-6FB5AE2EA3E3}.Ad-Hoc|iPhoneSimulator.ActiveCfg = Release|Any CPU
		{6BF2833F-DEEE-4D49-B797-6FB5AE2EA3E3}.Ad-Hoc|Mixed Platforms.ActiveCfg = Release|x86
		{6BF2833F-DEEE-4D49-B797-6FB5AE2EA3E3}.Ad-Hoc|Mixed Platforms.Build.0 = Release|x86
		{6BF2833F-DEEE-4D49-B797-6FB5AE2EA3E3}.Ad-Hoc|Mixed Platforms.Deploy.0 = Release|x86
		{6BF2833F-DEEE-4D49-B797-6FB5AE2EA3E3}.Ad-Hoc|x86.ActiveCfg = Release|x86
		{6BF2833F-DEEE-4D49-B797-6FB5AE2EA3E3}.Ad-Hoc|x86.Build.0 = Release|x86
		{6BF2833F-DEEE-4D49-B797-6FB5AE2EA3E3}.Ad-Hoc|x86.Deploy.0 = Release|x86
		{6BF2833F-DEEE-4D49-B797-6FB5AE2EA3E3}.AppStore|Any CPU.ActiveCfg = Release|Any CPU
		{6BF2833F-DEEE-4D49-B797-6FB5AE2EA3E3}.AppStore|Any CPU.Build.0 = Release|Any CPU
		{6BF2833F-DEEE-4D49-B797-6FB5AE2EA3E3}.AppStore|Any CPU.Deploy.0 = Release|Any CPU
		{6BF2833F-DEEE-4D49-B797-6FB5AE2EA3E3}.AppStore|ARM.ActiveCfg = Release|ARM
		{6BF2833F-DEEE-4D49-B797-6FB5AE2EA3E3}.AppStore|ARM.Build.0 = Release|ARM
		{6BF2833F-DEEE-4D49-B797-6FB5AE2EA3E3}.AppStore|ARM.Deploy.0 = Release|ARM
		{6BF2833F-DEEE-4D49-B797-6FB5AE2EA3E3}.AppStore|iPhone.ActiveCfg = Release|Any CPU
		{6BF2833F-DEEE-4D49-B797-6FB5AE2EA3E3}.AppStore|iPhoneSimulator.ActiveCfg = Release|Any CPU
		{6BF2833F-DEEE-4D49-B797-6FB5AE2EA3E3}.AppStore|Mixed Platforms.ActiveCfg = Release|x86
		{6BF2833F-DEEE-4D49-B797-6FB5AE2EA3E3}.AppStore|Mixed Platforms.Build.0 = Release|x86
		{6BF2833F-DEEE-4D49-B797-6FB5AE2EA3E3}.AppStore|Mixed Platforms.Deploy.0 = Release|x86
		{6BF2833F-DEEE-4D49-B797-6FB5AE2EA3E3}.AppStore|x86.ActiveCfg = Release|x86
		{6BF2833F-DEEE-4D49-B797-6FB5AE2EA3E3}.AppStore|x86.Build.0 = Release|x86
		{6BF2833F-DEEE-4D49-B797-6FB5AE2EA3E3}.AppStore|x86.Deploy.0 = Release|x86
		{6BF2833F-DEEE-4D49-B797-6FB5AE2EA3E3}.Debug|Any CPU.ActiveCfg = Debug|Any CPU
		{6BF2833F-DEEE-4D49-B797-6FB5AE2EA3E3}.Debug|Any CPU.Build.0 = Debug|Any CPU
		{6BF2833F-DEEE-4D49-B797-6FB5AE2EA3E3}.Debug|Any CPU.Deploy.0 = Debug|Any CPU
		{6BF2833F-DEEE-4D49-B797-6FB5AE2EA3E3}.Debug|ARM.ActiveCfg = Debug|ARM
		{6BF2833F-DEEE-4D49-B797-6FB5AE2EA3E3}.Debug|ARM.Build.0 = Debug|ARM
		{6BF2833F-DEEE-4D49-B797-6FB5AE2EA3E3}.Debug|ARM.Deploy.0 = Debug|ARM
		{6BF2833F-DEEE-4D49-B797-6FB5AE2EA3E3}.Debug|iPhone.ActiveCfg = Debug|Any CPU
		{6BF2833F-DEEE-4D49-B797-6FB5AE2EA3E3}.Debug|iPhoneSimulator.ActiveCfg = Debug|Any CPU
		{6BF2833F-DEEE-4D49-B797-6FB5AE2EA3E3}.Debug|Mixed Platforms.ActiveCfg = Debug|x86
		{6BF2833F-DEEE-4D49-B797-6FB5AE2EA3E3}.Debug|Mixed Platforms.Build.0 = Debug|x86
		{6BF2833F-DEEE-4D49-B797-6FB5AE2EA3E3}.Debug|Mixed Platforms.Deploy.0 = Debug|x86
		{6BF2833F-DEEE-4D49-B797-6FB5AE2EA3E3}.Debug|x86.ActiveCfg = Debug|x86
		{6BF2833F-DEEE-4D49-B797-6FB5AE2EA3E3}.Debug|x86.Build.0 = Debug|x86
		{6BF2833F-DEEE-4D49-B797-6FB5AE2EA3E3}.Debug|x86.Deploy.0 = Debug|x86
		{6BF2833F-DEEE-4D49-B797-6FB5AE2EA3E3}.Release|Any CPU.ActiveCfg = Release|Any CPU
		{6BF2833F-DEEE-4D49-B797-6FB5AE2EA3E3}.Release|Any CPU.Build.0 = Release|Any CPU
		{6BF2833F-DEEE-4D49-B797-6FB5AE2EA3E3}.Release|Any CPU.Deploy.0 = Release|Any CPU
		{6BF2833F-DEEE-4D49-B797-6FB5AE2EA3E3}.Release|ARM.ActiveCfg = Release|ARM
		{6BF2833F-DEEE-4D49-B797-6FB5AE2EA3E3}.Release|ARM.Build.0 = Release|ARM
		{6BF2833F-DEEE-4D49-B797-6FB5AE2EA3E3}.Release|ARM.Deploy.0 = Release|ARM
		{6BF2833F-DEEE-4D49-B797-6FB5AE2EA3E3}.Release|iPhone.ActiveCfg = Release|Any CPU
		{6BF2833F-DEEE-4D49-B797-6FB5AE2EA3E3}.Release|iPhoneSimulator.ActiveCfg = Release|Any CPU
		{6BF2833F-DEEE-4D49-B797-6FB5AE2EA3E3}.Release|Mixed Platforms.ActiveCfg = Release|x86
		{6BF2833F-DEEE-4D49-B797-6FB5AE2EA3E3}.Release|Mixed Platforms.Build.0 = Release|x86
		{6BF2833F-DEEE-4D49-B797-6FB5AE2EA3E3}.Release|Mixed Platforms.Deploy.0 = Release|x86
		{6BF2833F-DEEE-4D49-B797-6FB5AE2EA3E3}.Release|x86.ActiveCfg = Release|x86
		{6BF2833F-DEEE-4D49-B797-6FB5AE2EA3E3}.Release|x86.Build.0 = Release|x86
		{6BF2833F-DEEE-4D49-B797-6FB5AE2EA3E3}.Release|x86.Deploy.0 = Release|x86
		{9872D395-F1E8-4F49-8C5E-435A82F0C5E4}.Ad-Hoc|Any CPU.ActiveCfg = Release|Any CPU
		{9872D395-F1E8-4F49-8C5E-435A82F0C5E4}.Ad-Hoc|Any CPU.Build.0 = Release|Any CPU
		{9872D395-F1E8-4F49-8C5E-435A82F0C5E4}.Ad-Hoc|ARM.ActiveCfg = Release|Any CPU
		{9872D395-F1E8-4F49-8C5E-435A82F0C5E4}.Ad-Hoc|iPhone.ActiveCfg = Release|Any CPU
		{9872D395-F1E8-4F49-8C5E-435A82F0C5E4}.Ad-Hoc|iPhoneSimulator.ActiveCfg = Release|Any CPU
		{9872D395-F1E8-4F49-8C5E-435A82F0C5E4}.Ad-Hoc|Mixed Platforms.ActiveCfg = Release|Any CPU
		{9872D395-F1E8-4F49-8C5E-435A82F0C5E4}.Ad-Hoc|Mixed Platforms.Build.0 = Release|Any CPU
		{9872D395-F1E8-4F49-8C5E-435A82F0C5E4}.Ad-Hoc|x86.ActiveCfg = Release|Any CPU
		{9872D395-F1E8-4F49-8C5E-435A82F0C5E4}.AppStore|Any CPU.ActiveCfg = Release|Any CPU
		{9872D395-F1E8-4F49-8C5E-435A82F0C5E4}.AppStore|Any CPU.Build.0 = Release|Any CPU
		{9872D395-F1E8-4F49-8C5E-435A82F0C5E4}.AppStore|ARM.ActiveCfg = Release|Any CPU
		{9872D395-F1E8-4F49-8C5E-435A82F0C5E4}.AppStore|iPhone.ActiveCfg = Release|Any CPU
		{9872D395-F1E8-4F49-8C5E-435A82F0C5E4}.AppStore|iPhoneSimulator.ActiveCfg = Release|Any CPU
		{9872D395-F1E8-4F49-8C5E-435A82F0C5E4}.AppStore|Mixed Platforms.ActiveCfg = Release|Any CPU
		{9872D395-F1E8-4F49-8C5E-435A82F0C5E4}.AppStore|Mixed Platforms.Build.0 = Release|Any CPU
		{9872D395-F1E8-4F49-8C5E-435A82F0C5E4}.AppStore|x86.ActiveCfg = Release|Any CPU
		{9872D395-F1E8-4F49-8C5E-435A82F0C5E4}.Debug|Any CPU.ActiveCfg = Debug|Any CPU
		{9872D395-F1E8-4F49-8C5E-435A82F0C5E4}.Debug|Any CPU.Build.0 = Debug|Any CPU
		{9872D395-F1E8-4F49-8C5E-435A82F0C5E4}.Debug|ARM.ActiveCfg = Debug|Any CPU
		{9872D395-F1E8-4F49-8C5E-435A82F0C5E4}.Debug|iPhone.ActiveCfg = Debug|Any CPU
		{9872D395-F1E8-4F49-8C5E-435A82F0C5E4}.Debug|iPhoneSimulator.ActiveCfg = Debug|Any CPU
		{9872D395-F1E8-4F49-8C5E-435A82F0C5E4}.Debug|Mixed Platforms.ActiveCfg = Debug|Any CPU
		{9872D395-F1E8-4F49-8C5E-435A82F0C5E4}.Debug|Mixed Platforms.Build.0 = Debug|Any CPU
		{9872D395-F1E8-4F49-8C5E-435A82F0C5E4}.Debug|x86.ActiveCfg = Debug|Any CPU
		{9872D395-F1E8-4F49-8C5E-435A82F0C5E4}.Release|Any CPU.ActiveCfg = Release|Any CPU
		{9872D395-F1E8-4F49-8C5E-435A82F0C5E4}.Release|Any CPU.Build.0 = Release|Any CPU
		{9872D395-F1E8-4F49-8C5E-435A82F0C5E4}.Release|ARM.ActiveCfg = Release|Any CPU
		{9872D395-F1E8-4F49-8C5E-435A82F0C5E4}.Release|iPhone.ActiveCfg = Release|Any CPU
		{9872D395-F1E8-4F49-8C5E-435A82F0C5E4}.Release|iPhoneSimulator.ActiveCfg = Release|Any CPU
		{9872D395-F1E8-4F49-8C5E-435A82F0C5E4}.Release|Mixed Platforms.ActiveCfg = Release|Any CPU
		{9872D395-F1E8-4F49-8C5E-435A82F0C5E4}.Release|Mixed Platforms.Build.0 = Release|Any CPU
		{9872D395-F1E8-4F49-8C5E-435A82F0C5E4}.Release|x86.ActiveCfg = Release|Any CPU
		{6D5BD908-0D47-4EAD-A370-27C7E4BB573F}.Ad-Hoc|Any CPU.ActiveCfg = Release|Any CPU
		{6D5BD908-0D47-4EAD-A370-27C7E4BB573F}.Ad-Hoc|Any CPU.Build.0 = Release|Any CPU
		{6D5BD908-0D47-4EAD-A370-27C7E4BB573F}.Ad-Hoc|ARM.ActiveCfg = Release|Any CPU
		{6D5BD908-0D47-4EAD-A370-27C7E4BB573F}.Ad-Hoc|iPhone.ActiveCfg = Release|Any CPU
		{6D5BD908-0D47-4EAD-A370-27C7E4BB573F}.Ad-Hoc|iPhoneSimulator.ActiveCfg = Release|Any CPU
		{6D5BD908-0D47-4EAD-A370-27C7E4BB573F}.Ad-Hoc|Mixed Platforms.ActiveCfg = Release|Any CPU
		{6D5BD908-0D47-4EAD-A370-27C7E4BB573F}.Ad-Hoc|Mixed Platforms.Build.0 = Release|Any CPU
		{6D5BD908-0D47-4EAD-A370-27C7E4BB573F}.Ad-Hoc|x86.ActiveCfg = Release|Any CPU
		{6D5BD908-0D47-4EAD-A370-27C7E4BB573F}.AppStore|Any CPU.ActiveCfg = Release|Any CPU
		{6D5BD908-0D47-4EAD-A370-27C7E4BB573F}.AppStore|Any CPU.Build.0 = Release|Any CPU
		{6D5BD908-0D47-4EAD-A370-27C7E4BB573F}.AppStore|ARM.ActiveCfg = Release|Any CPU
		{6D5BD908-0D47-4EAD-A370-27C7E4BB573F}.AppStore|iPhone.ActiveCfg = Release|Any CPU
		{6D5BD908-0D47-4EAD-A370-27C7E4BB573F}.AppStore|iPhoneSimulator.ActiveCfg = Release|Any CPU
		{6D5BD908-0D47-4EAD-A370-27C7E4BB573F}.AppStore|Mixed Platforms.ActiveCfg = Release|Any CPU
		{6D5BD908-0D47-4EAD-A370-27C7E4BB573F}.AppStore|Mixed Platforms.Build.0 = Release|Any CPU
		{6D5BD908-0D47-4EAD-A370-27C7E4BB573F}.AppStore|x86.ActiveCfg = Release|Any CPU
		{6D5BD908-0D47-4EAD-A370-27C7E4BB573F}.Debug|Any CPU.ActiveCfg = Debug|Any CPU
		{6D5BD908-0D47-4EAD-A370-27C7E4BB573F}.Debug|Any CPU.Build.0 = Debug|Any CPU
		{6D5BD908-0D47-4EAD-A370-27C7E4BB573F}.Debug|ARM.ActiveCfg = Debug|Any CPU
		{6D5BD908-0D47-4EAD-A370-27C7E4BB573F}.Debug|iPhone.ActiveCfg = Debug|Any CPU
		{6D5BD908-0D47-4EAD-A370-27C7E4BB573F}.Debug|iPhoneSimulator.ActiveCfg = Debug|Any CPU
		{6D5BD908-0D47-4EAD-A370-27C7E4BB573F}.Debug|Mixed Platforms.ActiveCfg = Debug|Any CPU
		{6D5BD908-0D47-4EAD-A370-27C7E4BB573F}.Debug|Mixed Platforms.Build.0 = Debug|Any CPU
		{6D5BD908-0D47-4EAD-A370-27C7E4BB573F}.Debug|x86.ActiveCfg = Debug|Any CPU
		{6D5BD908-0D47-4EAD-A370-27C7E4BB573F}.Release|Any CPU.ActiveCfg = Release|Any CPU
		{6D5BD908-0D47-4EAD-A370-27C7E4BB573F}.Release|Any CPU.Build.0 = Release|Any CPU
		{6D5BD908-0D47-4EAD-A370-27C7E4BB573F}.Release|ARM.ActiveCfg = Release|Any CPU
		{6D5BD908-0D47-4EAD-A370-27C7E4BB573F}.Release|iPhone.ActiveCfg = Release|Any CPU
		{6D5BD908-0D47-4EAD-A370-27C7E4BB573F}.Release|iPhoneSimulator.ActiveCfg = Release|Any CPU
		{6D5BD908-0D47-4EAD-A370-27C7E4BB573F}.Release|Mixed Platforms.ActiveCfg = Release|Any CPU
		{6D5BD908-0D47-4EAD-A370-27C7E4BB573F}.Release|Mixed Platforms.Build.0 = Release|Any CPU
		{6D5BD908-0D47-4EAD-A370-27C7E4BB573F}.Release|x86.ActiveCfg = Release|Any CPU
	EndGlobalSection
	GlobalSection(SolutionProperties) = preSolution
		HideSolutionNode = FALSE
	EndGlobalSection
EndGlobal
